
Microsoft Visual Studio Solution File, Format Version 12.00
# Visual Studio Version 16
VisualStudioVersion = 16.0.31729.503
MinimumVisualStudioVersion = 10.0.40219.1
Project("{FAE04EC0-301F-11D3-BF4B-00C04F79EFBC}") = "Entities", "Entities\Entities.csproj", "{67295AFC-4B36-444B-8B41-872DD284F60F}"
EndProject
Project("{FAE04EC0-301F-11D3-BF4B-00C04F79EFBC}") = "Business", "Business\Business.csproj", "{9C62CF41-62DE-4FE8-BDEE-82F8EBC9FB6A}"
EndProject
Project("{FAE04EC0-301F-11D3-BF4B-00C04F79EFBC}") = "DataAccess", "DataAccess\DataAccess.csproj", "{F481A730-C774-4409-8DDF-A0DFACE5FF8F}"
EndProject
Project("{FAE04EC0-301F-11D3-BF4B-00C04F79EFBC}") = "WebAPI", "WebAPI\WebAPI.csproj", "{7DD12421-BBBB-465E-AF9D-AE23A14B2FD5}"
EndProject
Project("{9A19103F-16F7-4668-BE54-9A1E7A4F7556}") = "Core", "..\..\..\Desktop\SamInsight\SamInsight\Core\Core.csproj", "{D4C25D39-D245-4697-AFE3-C8E8E56BC048}"
EndProject
Global
	GlobalSection(SolutionConfigurationPlatforms) = preSolution
		Debug|Any CPU = Debug|Any CPU
		Release|Any CPU = Release|Any CPU
	EndGlobalSection
	GlobalSection(ProjectConfigurationPlatforms) = postSolution
		{67295AFC-4B36-444B-8B41-872DD284F60F}.Debug|Any CPU.ActiveCfg = Debug|Any CPU
		{67295AFC-4B36-444B-8B41-872DD284F60F}.Debug|Any CPU.Build.0 = Debug|Any CPU
		{67295AFC-4B36-444B-8B41-872DD284F60F}.Release|Any CPU.ActiveCfg = Release|Any CPU
		{67295AFC-4B36-444B-8B41-872DD284F60F}.Release|Any CPU.Build.0 = Release|Any CPU
		{9C62CF41-62DE-4FE8-BDEE-82F8EBC9FB6A}.Debug|Any CPU.ActiveCfg = Debug|Any CPU
		{9C62CF41-62DE-4FE8-BDEE-82F8EBC9FB6A}.Debug|Any CPU.Build.0 = Debug|Any CPU
		{9C62CF41-62DE-4FE8-BDEE-82F8EBC9FB6A}.Release|Any CPU.ActiveCfg = Release|Any CPU
		{9C62CF41-62DE-4FE8-BDEE-82F8EBC9FB6A}.Release|Any CPU.Build.0 = Release|Any CPU
		{F481A730-C774-4409-8DDF-A0DFACE5FF8F}.Debug|Any CPU.ActiveCfg = Debug|Any CPU
		{F481A730-C774-4409-8DDF-A0DFACE5FF8F}.Debug|Any CPU.Build.0 = Debug|Any CPU
		{F481A730-C774-4409-8DDF-A0DFACE5FF8F}.Release|Any CPU.ActiveCfg = Release|Any CPU
		{F481A730-C774-4409-8DDF-A0DFACE5FF8F}.Release|Any CPU.Build.0 = Release|Any CPU
		{7DD12421-BBBB-465E-AF9D-AE23A14B2FD5}.Debug|Any CPU.ActiveCfg = Debug|Any CPU
		{7DD12421-BBBB-465E-AF9D-AE23A14B2FD5}.Debug|Any CPU.Build.0 = Debug|Any CPU
		{7DD12421-BBBB-465E-AF9D-AE23A14B2FD5}.Release|Any CPU.ActiveCfg = Release|Any CPU
		{7DD12421-BBBB-465E-AF9D-AE23A14B2FD5}.Release|Any CPU.Build.0 = Release|Any CPU
		{D4C25D39-D245-4697-AFE3-C8E8E56BC048}.Debug|Any CPU.ActiveCfg = Debug|Any CPU
		{D4C25D39-D245-4697-AFE3-C8E8E56BC048}.Debug|Any CPU.Build.0 = Debug|Any CPU
		{D4C25D39-D245-4697-AFE3-C8E8E56BC048}.Release|Any CPU.ActiveCfg = Release|Any CPU
		{D4C25D39-D245-4697-AFE3-C8E8E56BC048}.Release|Any CPU.Build.0 = Release|Any CPU
	EndGlobalSection
	GlobalSection(SolutionProperties) = preSolution
		HideSolutionNode = FALSE
	EndGlobalSection
	GlobalSection(ExtensibilityGlobals) = postSolution
		SolutionGuid = {4EB890CB-2AF2-4ED2-AA11-7D069622B5F2}
	EndGlobalSection
EndGlobal
